
Microsoft Visual Studio Solution File, Format Version 12.00
# Visual Studio Version 17
VisualStudioVersion = 17.2.32630.192
MinimumVisualStudioVersion = 10.0.40219.1
Project("{FAE04EC0-301F-11D3-BF4B-00C04F79EFBC}") = "OrdenacaoBolha", "OrdenacaoBolha\OrdenacaoBolha.csproj", "{394FBF51-6F92-48A2-B60E-5AAA170756C2}"
EndProject
Global
	GlobalSection(SolutionConfigurationPlatforms) = preSolution
		Debug|Any CPU = Debug|Any CPU
		Release|Any CPU = Release|Any CPU
	EndGlobalSection
	GlobalSection(ProjectConfigurationPlatforms) = postSolution
		{394FBF51-6F92-48A2-B60E-5AAA170756C2}.Debug|Any CPU.ActiveCfg = Debug|Any CPU
		{394FBF51-6F92-48A2-B60E-5AAA170756C2}.Debug|Any CPU.Build.0 = Debug|Any CPU
		{394FBF51-6F92-48A2-B60E-5AAA170756C2}.Release|Any CPU.ActiveCfg = Release|Any CPU
		{394FBF51-6F92-48A2-B60E-5AAA170756C2}.Release|Any CPU.Build.0 = Release|Any CPU
	EndGlobalSection
	GlobalSection(SolutionProperties) = preSolution
		HideSolutionNode = FALSE
	EndGlobalSection
	GlobalSection(ExtensibilityGlobals) = postSolution
		SolutionGuid = {523133CC-4B74-4E88-A1A6-BBA989B286A7}
	EndGlobalSection
EndGlobal
